
Microsoft Visual Studio Solution File, Format Version 12.00
# Visual Studio Version 17
VisualStudioVersion = 17.3.32825.248
MinimumVisualStudioVersion = 10.0.40219.1
Project("{FAE04EC0-301F-11D3-BF4B-00C04F79EFBC}") = "Planner", "Planner.csproj", "{0A0FDA7E-0947-437B-BAED-57168F65D8CF}"
EndProject
Global
	GlobalSection(SolutionConfigurationPlatforms) = preSolution
		Debug|Any CPU = Debug|Any CPU
		Release|Any CPU = Release|Any CPU
	EndGlobalSection
	GlobalSection(ProjectConfigurationPlatforms) = postSolution
		{0A0FDA7E-0947-437B-BAED-57168F65D8CF}.Debug|Any CPU.ActiveCfg = Debug|Any CPU
		{0A0FDA7E-0947-437B-BAED-57168F65D8CF}.Debug|Any CPU.Build.0 = Debug|Any CPU
		{0A0FDA7E-0947-437B-BAED-57168F65D8CF}.Release|Any CPU.ActiveCfg = Release|Any CPU
		{0A0FDA7E-0947-437B-BAED-57168F65D8CF}.Release|Any CPU.Build.0 = Release|Any CPU
	EndGlobalSection
	GlobalSection(SolutionProperties) = preSolution
		HideSolutionNode = FALSE
	EndGlobalSection
	GlobalSection(ExtensibilityGlobals) = postSolution
		SolutionGuid = {F807BF47-57A9-4CA9-9743-BED6F3D5C03A}
	EndGlobalSection
EndGlobal
